
Microsoft Visual Studio Solution File, Format Version 12.00
# Visual Studio 14
VisualStudioVersion = 14.0.25123.0
MinimumVisualStudioVersion = 10.0.40219.1
Project("{262852C6-CD72-467D-83FE-5EEB1973A190}") = "createSP", "createSP.jsproj", "{73684D5C-7C54-45DC-8A1F-2AD7F8B4426F}"
EndProject
Global
	GlobalSection(SolutionConfigurationPlatforms) = preSolution
		Debug|Any CPU = Debug|Any CPU
		Debug|ARM = Debug|ARM
		Debug|x64 = Debug|x64
		Debug|x86 = Debug|x86
		Release|Any CPU = Release|Any CPU
		Release|ARM = Release|ARM
		Release|x64 = Release|x64
		Release|x86 = Release|x86
	EndGlobalSection
	GlobalSection(ProjectConfigurationPlatforms) = postSolution
		{73684D5C-7C54-45DC-8A1F-2AD7F8B4426F}.Debug|Any CPU.ActiveCfg = Debug|Any CPU
		{73684D5C-7C54-45DC-8A1F-2AD7F8B4426F}.Debug|Any CPU.Build.0 = Debug|Any CPU
		{73684D5C-7C54-45DC-8A1F-2AD7F8B4426F}.Debug|Any CPU.Deploy.0 = Debug|Any CPU
		{73684D5C-7C54-45DC-8A1F-2AD7F8B4426F}.Debug|ARM.ActiveCfg = Debug|ARM
		{73684D5C-7C54-45DC-8A1F-2AD7F8B4426F}.Debug|ARM.Build.0 = Debug|ARM
		{73684D5C-7C54-45DC-8A1F-2AD7F8B4426F}.Debug|ARM.Deploy.0 = Debug|ARM
		{73684D5C-7C54-45DC-8A1F-2AD7F8B4426F}.Debug|x64.ActiveCfg = Debug|x64
		{73684D5C-7C54-45DC-8A1F-2AD7F8B4426F}.Debug|x64.Build.0 = Debug|x64
		{73684D5C-7C54-45DC-8A1F-2AD7F8B4426F}.Debug|x64.Deploy.0 = Debug|x64
		{73684D5C-7C54-45DC-8A1F-2AD7F8B4426F}.Debug|x86.ActiveCfg = Debug|x86
		{73684D5C-7C54-45DC-8A1F-2AD7F8B4426F}.Debug|x86.Build.0 = Debug|x86
		{73684D5C-7C54-45DC-8A1F-2AD7F8B4426F}.Debug|x86.Deploy.0 = Debug|x86
		{73684D5C-7C54-45DC-8A1F-2AD7F8B4426F}.Release|Any CPU.ActiveCfg = Release|Any CPU
		{73684D5C-7C54-45DC-8A1F-2AD7F8B4426F}.Release|Any CPU.Build.0 = Release|Any CPU
		{73684D5C-7C54-45DC-8A1F-2AD7F8B4426F}.Release|Any CPU.Deploy.0 = Release|Any CPU
		{73684D5C-7C54-45DC-8A1F-2AD7F8B4426F}.Release|ARM.ActiveCfg = Release|ARM
		{73684D5C-7C54-45DC-8A1F-2AD7F8B4426F}.Release|ARM.Build.0 = Release|ARM
		{73684D5C-7C54-45DC-8A1F-2AD7F8B4426F}.Release|ARM.Deploy.0 = Release|ARM
		{73684D5C-7C54-45DC-8A1F-2AD7F8B4426F}.Release|x64.ActiveCfg = Release|x64
		{73684D5C-7C54-45DC-8A1F-2AD7F8B4426F}.Release|x64.Build.0 = Release|x64
		{73684D5C-7C54-45DC-8A1F-2AD7F8B4426F}.Release|x64.Deploy.0 = Release|x64
		{73684D5C-7C54-45DC-8A1F-2AD7F8B4426F}.Release|x86.ActiveCfg = Release|x86
		{73684D5C-7C54-45DC-8A1F-2AD7F8B4426F}.Release|x86.Build.0 = Release|x86
		{73684D5C-7C54-45DC-8A1F-2AD7F8B4426F}.Release|x86.Deploy.0 = Release|x86
	EndGlobalSection
	GlobalSection(SolutionProperties) = preSolution
		HideSolutionNode = FALSE
	EndGlobalSection
EndGlobal
